
Microsoft Visual Studio Solution File, Format Version 12.00
# Visual Studio Version 16
VisualStudioVersion = 16.0.30114.105
MinimumVisualStudioVersion = 10.0.40219.1
Project("{FAE04EC0-301F-11D3-BF4B-00C04F79EFBC}") = "WebServiceProvider", "WebServiceProvider\WebServiceProvider.csproj", "{315A052A-8F7D-4CBA-8EFE-F3885EB96312}"
EndProject
Global
	GlobalSection(SolutionConfigurationPlatforms) = preSolution
		Debug|Any CPU = Debug|Any CPU
		Release|Any CPU = Release|Any CPU
	EndGlobalSection
	GlobalSection(ProjectConfigurationPlatforms) = postSolution
		{315A052A-8F7D-4CBA-8EFE-F3885EB96312}.Debug|Any CPU.ActiveCfg = Debug|Any CPU
		{315A052A-8F7D-4CBA-8EFE-F3885EB96312}.Debug|Any CPU.Build.0 = Debug|Any CPU
		{315A052A-8F7D-4CBA-8EFE-F3885EB96312}.Release|Any CPU.ActiveCfg = Release|Any CPU
		{315A052A-8F7D-4CBA-8EFE-F3885EB96312}.Release|Any CPU.Build.0 = Release|Any CPU
	EndGlobalSection
	GlobalSection(SolutionProperties) = preSolution
		HideSolutionNode = FALSE
	EndGlobalSection
	GlobalSection(ExtensibilityGlobals) = postSolution
		SolutionGuid = {29E07B0F-5453-49EE-8DD7-1FDF9C8DC13C}
	EndGlobalSection
EndGlobal
